
Microsoft Visual Studio Solution File, Format Version 12.00
# Visual Studio 2012
Project("{FAE04EC0-301F-11D3-BF4B-00C04F79EFBC}") = "SelfHost", "SelfHost\SelfHost.csproj", "{7806ECB3-A1E9-4AE8-8825-D7CF2AFB59D8}"
EndProject
Project("{FAE04EC0-301F-11D3-BF4B-00C04F79EFBC}") = "ClientApp", "ClientApp\ClientApp.csproj", "{8BCB7326-B70E-4723-A850-0972781E1260}"
EndProject
Global
	GlobalSection(SolutionConfigurationPlatforms) = preSolution
		Debug|Any CPU = Debug|Any CPU
		Release|Any CPU = Release|Any CPU
	EndGlobalSection
	GlobalSection(ProjectConfigurationPlatforms) = postSolution
		{7806ECB3-A1E9-4AE8-8825-D7CF2AFB59D8}.Debug|Any CPU.ActiveCfg = Debug|Any CPU
		{7806ECB3-A1E9-4AE8-8825-D7CF2AFB59D8}.Debug|Any CPU.Build.0 = Debug|Any CPU
		{7806ECB3-A1E9-4AE8-8825-D7CF2AFB59D8}.Release|Any CPU.ActiveCfg = Release|Any CPU
		{7806ECB3-A1E9-4AE8-8825-D7CF2AFB59D8}.Release|Any CPU.Build.0 = Release|Any CPU
		{8BCB7326-B70E-4723-A850-0972781E1260}.Debug|Any CPU.ActiveCfg = Debug|Any CPU
		{8BCB7326-B70E-4723-A850-0972781E1260}.Debug|Any CPU.Build.0 = Debug|Any CPU
		{8BCB7326-B70E-4723-A850-0972781E1260}.Release|Any CPU.ActiveCfg = Release|Any CPU
		{8BCB7326-B70E-4723-A850-0972781E1260}.Release|Any CPU.Build.0 = Release|Any CPU
	EndGlobalSection
	GlobalSection(SolutionProperties) = preSolution
		HideSolutionNode = FALSE
	EndGlobalSection
EndGlobal
